
Microsoft Visual Studio Solution File, Format Version 12.00
# Visual Studio Version 16
VisualStudioVersion = 16.0.33027.164
MinimumVisualStudioVersion = 10.0.40219.1
Project("{FAE04EC0-301F-11D3-BF4B-00C04F79EFBC}") = "Game.Repository", "Game.Repository\Game.Repository.csproj", "{01D18630-1CD4-4D82-B6EB-3C0ABAAB1595}"
EndProject
Project("{FAE04EC0-301F-11D3-BF4B-00C04F79EFBC}") = "Game.Manager", "Game.Manager\Game.Manager.csproj", "{357AF5CC-7F81-4418-8ABC-11C9BAC7204B}"
EndProject
Project("{FAE04EC0-301F-11D3-BF4B-00C04F79EFBC}") = "BowlingBall.Tests", "BowlingBall.Tests\BowlingBall.Tests.csproj", "{84ABDF3F-1C94-4750-8CD3-CDA40C0ED8C3}"
EndProject
Global
	GlobalSection(SolutionConfigurationPlatforms) = preSolution
		Debug|Any CPU = Debug|Any CPU
		Release|Any CPU = Release|Any CPU
	EndGlobalSection
	GlobalSection(ProjectConfigurationPlatforms) = postSolution
		{01D18630-1CD4-4D82-B6EB-3C0ABAAB1595}.Debug|Any CPU.ActiveCfg = Debug|Any CPU
		{01D18630-1CD4-4D82-B6EB-3C0ABAAB1595}.Debug|Any CPU.Build.0 = Debug|Any CPU
		{01D18630-1CD4-4D82-B6EB-3C0ABAAB1595}.Release|Any CPU.ActiveCfg = Release|Any CPU
		{01D18630-1CD4-4D82-B6EB-3C0ABAAB1595}.Release|Any CPU.Build.0 = Release|Any CPU
		{357AF5CC-7F81-4418-8ABC-11C9BAC7204B}.Debug|Any CPU.ActiveCfg = Debug|Any CPU
		{357AF5CC-7F81-4418-8ABC-11C9BAC7204B}.Debug|Any CPU.Build.0 = Debug|Any CPU
		{357AF5CC-7F81-4418-8ABC-11C9BAC7204B}.Release|Any CPU.ActiveCfg = Release|Any CPU
		{357AF5CC-7F81-4418-8ABC-11C9BAC7204B}.Release|Any CPU.Build.0 = Release|Any CPU
		{84ABDF3F-1C94-4750-8CD3-CDA40C0ED8C3}.Debug|Any CPU.ActiveCfg = Debug|Any CPU
		{84ABDF3F-1C94-4750-8CD3-CDA40C0ED8C3}.Debug|Any CPU.Build.0 = Debug|Any CPU
		{84ABDF3F-1C94-4750-8CD3-CDA40C0ED8C3}.Release|Any CPU.ActiveCfg = Release|Any CPU
		{84ABDF3F-1C94-4750-8CD3-CDA40C0ED8C3}.Release|Any CPU.Build.0 = Release|Any CPU
	EndGlobalSection
	GlobalSection(SolutionProperties) = preSolution
		HideSolutionNode = FALSE
	EndGlobalSection
	GlobalSection(ExtensibilityGlobals) = postSolution
		SolutionGuid = {63A5A98B-EE74-4E5E-854B-4B7BBABA84F5}
	EndGlobalSection
EndGlobal
